
Microsoft Visual Studio Solution File, Format Version 12.00
# Visual Studio Version 17
VisualStudioVersion = 17.13.35931.197
MinimumVisualStudioVersion = 10.0.40219.1
Project("{FAE04EC0-301F-11D3-BF4B-00C04F79EFBC}") = "AbsenceManagementSystem", "AbsenceManagementSystem\AbsenceManagementSystem.csproj", "{59F88C3D-B5B8-4E36-B482-A0970A4BE683}"
EndProject
Project("{FAE04EC0-301F-11D3-BF4B-00C04F79EFBC}") = "AbsenceManagementSystem.API", "AbsenceManagementSystem.API\AbsenceManagementSystem.API.csproj", "{8FE3E292-ABFF-4D81-B6E1-5BDE44D4477D}"
EndProject
Global
	GlobalSection(SolutionConfigurationPlatforms) = preSolution
		Debug|Any CPU = Debug|Any CPU
		Release|Any CPU = Release|Any CPU
	EndGlobalSection
	GlobalSection(ProjectConfigurationPlatforms) = postSolution
		{59F88C3D-B5B8-4E36-B482-A0970A4BE683}.Debug|Any CPU.ActiveCfg = Debug|Any CPU
		{59F88C3D-B5B8-4E36-B482-A0970A4BE683}.Debug|Any CPU.Build.0 = Debug|Any CPU
		{59F88C3D-B5B8-4E36-B482-A0970A4BE683}.Release|Any CPU.ActiveCfg = Release|Any CPU
		{59F88C3D-B5B8-4E36-B482-A0970A4BE683}.Release|Any CPU.Build.0 = Release|Any CPU
		{8FE3E292-ABFF-4D81-B6E1-5BDE44D4477D}.Debug|Any CPU.ActiveCfg = Debug|Any CPU
		{8FE3E292-ABFF-4D81-B6E1-5BDE44D4477D}.Debug|Any CPU.Build.0 = Debug|Any CPU
		{8FE3E292-ABFF-4D81-B6E1-5BDE44D4477D}.Release|Any CPU.ActiveCfg = Release|Any CPU
		{8FE3E292-ABFF-4D81-B6E1-5BDE44D4477D}.Release|Any CPU.Build.0 = Release|Any CPU
	EndGlobalSection
	GlobalSection(SolutionProperties) = preSolution
		HideSolutionNode = FALSE
	EndGlobalSection
	GlobalSection(ExtensibilityGlobals) = postSolution
		SolutionGuid = {C36A13A4-DC62-4477-A7DA-9B6A1A4182F6}
	EndGlobalSection
EndGlobal
